// !$*UTF8*$!
{
	archiveVersion = 1;
	classes = {
	};
	objectVersion = 52;
	objects = {

/* Begin PBXBuildFile section */
		393A1DD323924AA700AA63D5 /* AppDelegate.swift in Sources */ = {isa = PBXBuildFile; fileRef = 393A1DD223924AA700AA63D5 /* AppDelegate.swift */; };
		393A1DD523924AA700AA63D5 /* SceneDelegate.swift in Sources */ = {isa = PBXBuildFile; fileRef = 393A1DD423924AA700AA63D5 /* SceneDelegate.swift */; };
		393A1DD723924AA700AA63D5 /* ViewController.swift in Sources */ = {isa = PBXBuildFile; fileRef = 393A1DD623924AA700AA63D5 /* ViewController.swift */; };
		393A1DDA23924AA700AA63D5 /* Main.storyboard in Resources */ = {isa = PBXBuildFile; fileRef = 393A1DD823924AA700AA63D5 /* Main.storyboard */; };
		393A1DDC23924AA700AA63D5 /* Assets.xcassets in Resources */ = {isa = PBXBuildFile; fileRef = 393A1DDB23924AA700AA63D5 /* Assets.xcassets */; };
		393A1DDF23924AA700AA63D5 /* LaunchScreen.storyboard in Resources */ = {isa = PBXBuildFile; fileRef = 393A1DDD23924AA700AA63D5 /* LaunchScreen.storyboard */; };
		3958B4F92396706E00CB81D4 /* ImageClassifier.mlmodel in Sources */ = {isa = PBXBuildFile; fileRef = 3958B4F82396706E00CB81D4 /* ImageClassifier.mlmodel */; };
/* End PBXBuildFile section */

/* Begin PBXFileReference section */
		393A1DCF23924AA700AA63D5 /* CoreML_Handson.app */ = {isa = PBXFileReference; explicitFileType = wrapper.application; includeInIndex = 0; path = CoreML_Handson.app; sourceTree = BUILT_PRODUCTS_DIR; };
		393A1DD223924AA700AA63D5 /* AppDelegate.swift */ = {isa = PBXFileReference; lastKnownFileType = sourcecode.swift; path = AppDelegate.swift; sourceTree = "<group>"; };
		393A1DD423924AA700AA63D5 /* SceneDelegate.swift */ = {isa = PBXFileReference; lastKnownFileType = sourcecode.swift; path = SceneDelegate.swift; sourceTree = "<group>"; };
		393A1DD623924AA700AA63D5 /* ViewController.swift */ = {isa = PBXFileReference; lastKnownFileType = sourcecode.swift; path = ViewController.swift; sourceTree = "<group>"; };
		393A1DD923924AA700AA63D5 /* Base */ = {isa = PBXFileReference; lastKnownFileType = file.storyboard; name = Base; path = Base.lproj/Main.storyboard; sourceTree = "<group>"; };
		393A1DDB23924AA700AA63D5 /* Assets.xcassets */ = {isa = PBXFileReference; lastKnownFileType = folder.assetcatalog; path = Assets.xcassets; sourceTree = "<group>"; };
		393A1DDE23924AA700AA63D5 /* Base */ = {isa = PBXFileReference; lastKnownFileType = file.storyboard; name = Base; path = Base.lproj/LaunchScreen.storyboard; sourceTree = "<group>"; };
		393A1DE023924AA700AA63D5 /* Info.plist */ = {isa = PBXFileReference; lastKnownFileType = text.plist.xml; path = Info.plist; sourceTree = "<group>"; };
		3958B4F82396706E00CB81D4 /* ImageClassifier.mlmodel */ = {isa = PBXFileReference; lastKnownFileType = file.mlmodel; path = ImageClassifier.mlmodel; sourceTree = "<group>"; };
/* End PBXFileReference section */

/* Begin PBXFrameworksBuildPhase section */
		393A1DCC23924AA700AA63D5 /* Frameworks */ = {
			isa = PBXFrameworksBuildPhase;
			buildActionMask = 2147483647;
			files = (
			);
			runOnlyForDeploymentPostprocessing = 0;
		};
/* End PBXFrameworksBuildPhase section */

/* Begin PBXGroup section */
		393A1DC623924AA700AA63D5 = {
			isa = PBXGroup;
			children = (
				393A1DD123924AA700AA63D5 /* CoreML_Handson */,
				393A1DD023924AA700AA63D5 /* Products */,
			);
			sourceTree = "<group>";
		};
		393A1DD023924AA700AA63D5 /* Products */ = {
			isa = PBXGroup;
			children = (
				393A1DCF23924AA700AA63D5 /* CoreML_Handson.app */,
			);
			name = Products;
			sourceTree = "<group>";
		};
		393A1DD123924AA700AA63D5 /* CoreML_Handson */ = {
			isa = PBXGroup;
			children = (
				393A1DD223924AA700AA63D5 /* AppDelegate.swift */,
				393A1DD423924AA700AA63D5 /* SceneDelegate.swift */,
				393A1DD623924AA700AA63D5 /* ViewController.swift */,
				3958B4F82396706E00CB81D4 /* ImageClassifier.mlmodel */,
				393A1DD823924AA700AA63D5 /* Main.storyboard */,
				393A1DDB23924AA700AA63D5 /* Assets.xcassets */,
				393A1DDD23924AA700AA63D5 /* LaunchScreen.storyboard */,
				393A1DE023924AA700AA63D5 /* Info.plist */,
			);
			path = CoreML_Handson;
			sourceTree = "<group>";
		};
/* End PBXGroup section */

/* Begin PBXNativeTarget section */
		393A1DCE23924AA700AA63D5 /* CoreML_Handson */ = {
			isa = PBXNativeTarget;
			buildConfigurationList = 393A1DE323924AA700AA63D5 /* Build configuration list for PBXNativeTarget "CoreML_Handson" */;
			buildPhases = (
				393A1DCB23924AA700AA63D5 /* Sources */,
				393A1DCC23924AA700AA63D5 /* Frameworks */,
				393A1DCD23924AA700AA63D5 /* Resources */,
			);
			buildRules = (
			);
			dependencies = (
			);
			name = CoreML_Handson;
			productName = CoreML_Handson;
			productReference = 393A1DCF23924AA700AA63D5 /* CoreML_Handson.app */;
			productType = "com.apple.product-type.application";
		};
/* End PBXNativeTarget section */

/* Begin PBXProject section */
		393A1DC723924AA700AA63D5 /* Project object */ = {
			isa = PBXProject;
			attributes = {
				LastSwiftUpdateCheck = 1110;
				LastUpgradeCheck = 1110;
				ORGANIZATIONNAME = "藤山裕輝";
				TargetAttributes = {
					393A1DCE23924AA700AA63D5 = {
						CreatedOnToolsVersion = 11.1;
					};
				};
			};
			buildConfigurationList = 393A1DCA23924AA700AA63D5 /* Build configuration list for PBXProject "CoreML_Handson" */;
			compatibilityVersion = "Xcode 11.0";
			developmentRegion = en;
			hasScannedForEncodings = 0;
			knownRegions = (
				en,
				Base,
			);
			mainGroup = 393A1DC623924AA700AA63D5;
			productRefGroup = 393A1DD023924AA700AA63D5 /* Products */;
			projectDirPath = "";
			projectRoot = "";
			targets = (
				393A1DCE23924AA700AA63D5 /* CoreML_Handson */,
			);
		};
/* End PBXProject section */

/* Begin PBXResourcesBuildPhase section */
		393A1DCD23924AA700AA63D5 /* Resources */ = {
			isa = PBXResourcesBuildPhase;
			buildActionMask = 2147483647;
			files = (
				393A1DDF23924AA700AA63D5 /* LaunchScreen.storyboard in Resources */,
				393A1DDC23924AA700AA63D5 /* Assets.xcassets in Resources */,
				393A1DDA23924AA700AA63D5 /* Main.storyboard in Resources */,
			);
			runOnlyForDeploymentPostprocessing = 0;
		};
/* End PBXResourcesBuildPhase section */

/* Begin PBXSourcesBuildPhase section */
		393A1DCB23924AA700AA63D5 /* Sources */ = {
			isa = PBXSourcesBuildPhase;
			buildActionMask = 2147483647;
			files = (
				393A1DD723924AA700AA63D5 /* ViewController.swift in Sources */,
				393A1DD323924AA700AA63D5 /* AppDelegate.swift in Sources */,
				393A1DD523924AA700AA63D5 /* SceneDelegate.swift in Sources */,
				3958B4F92396706E00CB81D4 /* ImageClassifier.mlmodel in Sources */,
			);
			runOnlyForDeploymentPostprocessing = 0;
		};
/* End PBXSourcesBuildPhase section */

/* Begin PBXVariantGroup section */
		393A1DD823924AA700AA63D5 /* Main.storyboard */ = {
			isa = PBXVariantGroup;
			children = (
				393A1DD923924AA700AA63D5 /* Base */,
			);
			name = Main.storyboard;
			sourceTree = "<group>";
		};
		393A1DDD23924AA700AA63D5 /* LaunchScreen.storyboard */ = {
			isa = PBXVariantGroup;
			children = (
				393A1DDE23924AA700AA63D5 /* Base */,
			);
			name = LaunchScreen.storyboard;
			sourceTree = "<group>";
		};
/* End PBXVariantGroup section */

/* Begin XCBuildConfiguration section */
		393A1DE123924AA700AA63D5 /* Debug */ = {
			isa = XCBuildConfiguration;
			buildSettings = {
				ALWAYS_SEARCH_USER_PATHS = NO;
				CLANG_ANALYZER_NONNULL = YES;
				CLANG_ANALYZER_NUMBER_OBJECT_CONVERSION = YES_AGGRESSIVE;
				CLANG_CXX_LANGUAGE_STANDARD = "gnu++14";
				CLANG_CXX_LIBRARY = "libc++";
				CLANG_ENABLE_MODULES = YES;
				CLANG_ENABLE_OBJC_ARC = YES;
				CLANG_ENABLE_OBJC_WEAK = YES;
				CLANG_WARN_BLOCK_CAPTURE_AUTORELEASING = YES;
				CLANG_WARN_BOOL_CONVERSION = YES;
				CLANG_WARN_COMMA = YES;
				CLANG_WARN_CONSTANT_CONVERSION = YES;
				CLANG_WARN_DEPRECATED_OBJC_IMPLEMENTATIONS = YES;
				CLANG_WARN_DIRECT_OBJC_ISA_USAGE = YES_ERROR;
				CLANG_WARN_DOCUMENTATION_COMMENTS = YES;
				CLANG_WARN_EMPTY_BODY = YES;
				CLANG_WARN_ENUM_CONVERSION = YES;
				CLANG_WARN_INFINITE_RECURSION = YES;
				CLANG_WARN_INT_CONVERSION = YES;
				CLANG_WARN_NON_LITERAL_NULL_CONVERSION = YES;
				CLANG_WARN_OBJC_IMPLICIT_RETAIN_SELF = YES;
				CLANG_WARN_OBJC_LITERAL_CONVERSION = YES;
				CLANG_WARN_OBJC_ROOT_CLASS = YES_ERROR;
				CLANG_WARN_RANGE_LOOP_ANALYSIS = YES;
				CLANG_WARN_STRICT_PROTOTYPES = YES;
				CLANG_WARN_SUSPICIOUS_MOVE = YES;
				CLANG_WARN_UNGUARDED_AVAILABILITY = YES_AGGRESSIVE;
				CLANG_WARN_UNREACHABLE_CODE = YES;
				CLANG_WARN__DUPLICATE_METHOD_MATCH = YES;
				COPY_PHASE_STRIP = NO;
				DEBUG_INFORMATION_FORMAT = dwarf;
				ENABLE_STRICT_OBJC_MSGSEND = YES;
				ENABLE_TESTABILITY = YES;
				GCC_C_LANGUAGE_STANDARD = gnu11;
				GCC_DYNAMIC_NO_PIC = NO;
				GCC_NO_COMMON_BLOCKS = YES;
				GCC_OPTIMIZATION_LEVEL = 0;
				GCC_PREPROCESSOR_DEFINITIONS = (
					"DEBUG=1",
					"$(inherited)",
				);
				GCC_WARN_64_TO_32_BIT_CONVERSION = YES;
				GCC_WARN_ABOUT_RETURN_TYPE = YES_ERROR;
				GCC_WARN_UNDECLARED_SELECTOR = YES;
				GCC_WARN_UNINITIALIZED_AUTOS = YES_AGGRESSIVE;
				GCC_WARN_UNUSED_FUNCTION = YES;
				GCC_WARN_UNUSED_VARIABLE = YES;
				IPHONEOS_DEPLOYMENT_TARGET = 13.1;
				MTL_ENABLE_DEBUG_INFO = INCLUDE_SOURCE;
				MTL_FAST_MATH = YES;
				ONLY_ACTIVE_ARCH = YES;
				SDKROOT = iphoneos;
				SWIFT_ACTIVE_COMPILATION_CONDITIONS = DEBUG;
				SWIFT_OPTIMIZATION_LEVEL = "-Onone";
			};
			name = Debug;
		};
		393A1DE223924AA700AA63D5 /* Release */ = {
			isa = XCBuildConfiguration;
			buildSettings = {
				ALWAYS_SEARCH_USER_PATHS = NO;
				CLANG_ANALYZER_NONNULL = YES;
				CLANG_ANALYZER_NUMBER_OBJECT_CONVERSION = YES_AGGRESSIVE;
				CLANG_CXX_LANGUAGE_STANDARD = "gnu++14";
				CLANG_CXX_LIBRARY = "libc++";
				CLANG_ENABLE_MODULES = YES;
				CLANG_ENABLE_OBJC_ARC = YES;
				CLANG_ENABLE_OBJC_WEAK = YES;
				CLANG_WARN_BLOCK_CAPTURE_AUTORELEASING = YES;
				CLANG_WARN_BOOL_CONVERSION = YES;
				CLANG_WARN_COMMA = YES;
				CLANG_WARN_CONSTANT_CONVERSION = YES;
				CLANG_WARN_DEPRECATED_OBJC_IMPLEMENTATIONS = YES;
				CLANG_WARN_DIRECT_OBJC_ISA_USAGE = YES_ERROR;
				CLANG_WARN_DOCUMENTATION_COMMENTS = YES;
				CLANG_WARN_EMPTY_BODY = YES;
				CLANG_WARN_ENUM_CONVERSION = YES;
				CLANG_WARN_INFINITE_RECURSION = YES;
				CLANG_WARN_INT_CONVERSION = YES;
				CLANG_WARN_NON_LITERAL_NULL_CONVERSION = YES;
				CLANG_WARN_OBJC_IMPLICIT_RETAIN_SELF = YES;
				CLANG_WARN_OBJC_LITERAL_CONVERSION = YES;
				CLANG_WARN_OBJC_ROOT_CLASS = YES_ERROR;
				CLANG_WARN_RANGE_LOOP_ANALYSIS = YES;
				CLANG_WARN_STRICT_PROTOTYPES = YES;
				CLANG_WARN_SUSPICIOUS_MOVE = YES;
				CLANG_WARN_UNGUARDED_AVAILABILITY = YES_AGGRESSIVE;
				CLANG_WARN_UNREACHABLE_CODE = YES;
				CLANG_WARN__DUPLICATE_METHOD_MATCH = YES;
				COPY_PHASE_STRIP = NO;
				DEBUG_INFORMATION_FORMAT = "dwarf-with-dsym";
				ENABLE_NS_ASSERTIONS = NO;
				ENABLE_STRICT_OBJC_MSGSEND = YES;
				GCC_C_LANGUAGE_STANDARD = gnu11;
				GCC_NO_COMMON_BLOCKS = YES;
				GCC_WARN_64_TO_32_BIT_CONVERSION = YES;
				GCC_WARN_ABOUT_RETURN_TYPE = YES_ERROR;
				GCC_WARN_UNDECLARED_SELECTOR = YES;
				GCC_WARN_UNINITIALIZED_AUTOS = YES_AGGRESSIVE;
				GCC_WARN_UNUSED_FUNCTION = YES;
				GCC_WARN_UNUSED_VARIABLE = YES;
				IPHONEOS_DEPLOYMENT_TARGET = 13.1;
				MTL_ENABLE_DEBUG_INFO = NO;
				MTL_FAST_MATH = YES;
				SDKROOT = iphoneos;
				SWIFT_COMPILATION_MODE = wholemodule;
				SWIFT_OPTIMIZATION_LEVEL = "-O";
				VALIDATE_PRODUCT = YES;
			};
			name = Release;
		};
		393A1DE423924AA700AA63D5 /* Debug */ = {
			isa = XCBuildConfiguration;
			buildSettings = {
				ASSETCATALOG_COMPILER_APPICON_NAME = AppIcon;
				CODE_SIGN_STYLE = Automatic;
				DEVELOPMENT_TEAM = GYBV5SV6TY;
				INFOPLIST_FILE = CoreML_Handson/Info.plist;
				LD_RUNPATH_SEARCH_PATHS = (
					"$(inherited)",
					"@executable_path/Frameworks",
				);
				PRODUCT_BUNDLE_IDENTIFIER = "com.touchanman.CoreML-Handson";
				PRODUCT_NAME = "$(TARGET_NAME)";
				SWIFT_VERSION = 5.0;
				TARGETED_DEVICE_FAMILY = "1,2";
			};
			name = Debug;
		};
		393A1DE523924AA700AA63D5 /* Release */ = {
			isa = XCBuildConfiguration;
			buildSettings = {
				ASSETCATALOG_COMPILER_APPICON_NAME = AppIcon;
				CODE_SIGN_STYLE = Automatic;
				DEVELOPMENT_TEAM = GYBV5SV6TY;
				INFOPLIST_FILE = CoreML_Handson/Info.plist;
				LD_RUNPATH_SEARCH_PATHS = (
					"$(inherited)",
					"@executable_path/Frameworks",
				);
				PRODUCT_BUNDLE_IDENTIFIER = "com.touchanman.CoreML-Handson";
				PRODUCT_NAME = "$(TARGET_NAME)";
				SWIFT_VERSION = 5.0;
				TARGETED_DEVICE_FAMILY = "1,2";
			};
			name = Release;
		};
/* End XCBuildConfiguration section */

/* Begin XCConfigurationList section */
		393A1DCA23924AA700AA63D5 /* Build configuration list for PBXProject "CoreML_Handson" */ = {
			isa = XCConfigurationList;
			buildConfigurations = (
				393A1DE123924AA700AA63D5 /* Debug */,
				393A1DE223924AA700AA63D5 /* Release */,
			);
			defaultConfigurationIsVisible = 0;
			defaultConfigurationName = Release;
		};
		393A1DE323924AA700AA63D5 /* Build configuration list for PBXNativeTarget "CoreML_Handson" */ = {
			isa = XCConfigurationList;
			buildConfigurations = (
				393A1DE423924AA700AA63D5 /* Debug */,
				393A1DE523924AA700AA63D5 /* Release */,
			);
			defaultConfigurationIsVisible = 0;
			defaultConfigurationName = Release;
		};
/* End XCConfigurationList section */
	};
	rootObject = 393A1DC723924AA700AA63D5 /* Project object */;
}
